
Microsoft Visual Studio Solution File, Format Version 12.00
# Visual Studio 14
VisualStudioVersion = 14.0.25420.1
MinimumVisualStudioVersion = 10.0.40219.1
Project("{FAE04EC0-301F-11D3-BF4B-00C04F79EFBC}") = "Simple Unuseful Calculator", "Simple Unuseful Calculator\Simple Unuseful Calculator.csproj", "{D37AF455-349D-4A4A-87CF-FE23EEF5FDDE}"
EndProject
Global
	GlobalSection(SolutionConfigurationPlatforms) = preSolution
		Debug|Any CPU = Debug|Any CPU
		Release|Any CPU = Release|Any CPU
	EndGlobalSection
	GlobalSection(ProjectConfigurationPlatforms) = postSolution
		{D37AF455-349D-4A4A-87CF-FE23EEF5FDDE}.Debug|Any CPU.ActiveCfg = Debug|Any CPU
		{D37AF455-349D-4A4A-87CF-FE23EEF5FDDE}.Debug|Any CPU.Build.0 = Debug|Any CPU
		{D37AF455-349D-4A4A-87CF-FE23EEF5FDDE}.Release|Any CPU.ActiveCfg = Release|Any CPU
		{D37AF455-349D-4A4A-87CF-FE23EEF5FDDE}.Release|Any CPU.Build.0 = Release|Any CPU
	EndGlobalSection
	GlobalSection(SolutionProperties) = preSolution
		HideSolutionNode = FALSE
	EndGlobalSection
EndGlobal
